
Microsoft Visual Studio Solution File, Format Version 12.00
# Visual Studio Version 16
VisualStudioVersion = 16.0.28917.181
MinimumVisualStudioVersion = 10.0.40219.1
Project("{9A19103F-16F7-4668-BE54-9A1E7A4F7556}") = "phirSOFT.Collections", "phirSOFT.Collections\phirSOFT.Collections.csproj", "{ACDD618A-6C56-47EF-A402-8E8702957573}"
EndProject
Global
	GlobalSection(SolutionConfigurationPlatforms) = preSolution
		Debug|Any CPU = Debug|Any CPU
		Release|Any CPU = Release|Any CPU
	EndGlobalSection
	GlobalSection(ProjectConfigurationPlatforms) = postSolution
		{ACDD618A-6C56-47EF-A402-8E8702957573}.Debug|Any CPU.ActiveCfg = Debug|Any CPU
		{ACDD618A-6C56-47EF-A402-8E8702957573}.Debug|Any CPU.Build.0 = Debug|Any CPU
		{ACDD618A-6C56-47EF-A402-8E8702957573}.Release|Any CPU.ActiveCfg = Release|Any CPU
		{ACDD618A-6C56-47EF-A402-8E8702957573}.Release|Any CPU.Build.0 = Release|Any CPU
	EndGlobalSection
	GlobalSection(SolutionProperties) = preSolution
		HideSolutionNode = FALSE
	EndGlobalSection
	GlobalSection(ExtensibilityGlobals) = postSolution
		SolutionGuid = {5302E503-457E-4FD7-B99D-253308D5E33D}
	EndGlobalSection
EndGlobal
